
Microsoft Visual Studio Solution File, Format Version 12.00
# Visual Studio Version 17
VisualStudioVersion = 17.12.35323.107
MinimumVisualStudioVersion = 10.0.40219.1
Project("{FAE04EC0-301F-11D3-BF4B-00C04F79EFBC}") = "YLPDotNetCore.ConsoleApp", "YLPDotNetCore.ConsoleApp\YLPDotNetCore.ConsoleApp.csproj", "{3AA961AC-0F25-4C13-8BA9-D6D3A11C1395}"
EndProject
Project("{2150E333-8FDC-42A3-9474-1A3956D46DE8}") = "Documents", "Documents", "{F92C1DE7-6258-4327-AB51-D9867ABA8933}"
	ProjectSection(SolutionItems) = preProject
		README.md = README.md
	EndProjectSection
EndProject
Global
	GlobalSection(SolutionConfigurationPlatforms) = preSolution
		Debug|Any CPU = Debug|Any CPU
		Release|Any CPU = Release|Any CPU
	EndGlobalSection
	GlobalSection(ProjectConfigurationPlatforms) = postSolution
		{3AA961AC-0F25-4C13-8BA9-D6D3A11C1395}.Debug|Any CPU.ActiveCfg = Debug|Any CPU
		{3AA961AC-0F25-4C13-8BA9-D6D3A11C1395}.Debug|Any CPU.Build.0 = Debug|Any CPU
		{3AA961AC-0F25-4C13-8BA9-D6D3A11C1395}.Release|Any CPU.ActiveCfg = Release|Any CPU
		{3AA961AC-0F25-4C13-8BA9-D6D3A11C1395}.Release|Any CPU.Build.0 = Release|Any CPU
	EndGlobalSection
	GlobalSection(SolutionProperties) = preSolution
		HideSolutionNode = FALSE
	EndGlobalSection
	GlobalSection(ExtensibilityGlobals) = postSolution
		SolutionGuid = {E24C519F-EB13-48ED-9EF4-2B4012E4E0F8}
	EndGlobalSection
EndGlobal
