
Microsoft Visual Studio Solution File, Format Version 12.00
# Visual Studio Version 17
VisualStudioVersion = 17.12.35323.107
MinimumVisualStudioVersion = 10.0.40219.1
Project("{FAE04EC0-301F-11D3-BF4B-00C04F79EFBC}") = "YLPDotNetCore.ConsoleApp", "YLPDotNetCore.ConsoleApp\YLPDotNetCore.ConsoleApp.csproj", "{3AA961AC-0F25-4C13-8BA9-D6D3A11C1395}"
EndProject
Project("{2150E333-8FDC-42A3-9474-1A3956D46DE8}") = "Documents", "Documents", "{F92C1DE7-6258-4327-AB51-D9867ABA8933}"
	ProjectSection(SolutionItems) = preProject
		README.md = README.md
	EndProjectSection
EndProject
Project("{FAE04EC0-301F-11D3-BF4B-00C04F79EFBC}") = "YLPDotNetCore.RestApi", "YLPDotNetCore.RestApi\YLPDotNetCore.RestApi.csproj", "{BBB2A87B-B359-4CC1-BCD4-A62459438B91}"
EndProject
Project("{FAE04EC0-301F-11D3-BF4B-00C04F79EFBC}") = "YLPDotNetCore.Shared", "YLPDotNetCore.Shared\YLPDotNetCore.Shared.csproj", "{EDFEDAAF-95E3-4F36-8F26-D3D6EFC69C0F}"
EndProject
Project("{FAE04EC0-301F-11D3-BF4B-00C04F79EFBC}") = "YLPDotNetCore.RestApiWithNLayer", "YLPDotNetCore.RestApiWithNLayer\YLPDotNetCore.RestApiWithNLayer.csproj", "{7C4A9AA9-EC57-4693-8E23-9FC14773E66F}"
EndProject
Project("{FAE04EC0-301F-11D3-BF4B-00C04F79EFBC}") = "YLPDotNetCore.ConsoleAppHttpClient", "YLPDotNetCore.ConsoleAppHttpClient\YLPDotNetCore.ConsoleAppHttpClient.csproj", "{722F7A4F-94D2-4308-BCD7-F08965091858}"
EndProject
Project("{FAE04EC0-301F-11D3-BF4B-00C04F79EFBC}") = "YLPDotNetCore.ConsoleAppHttpClientExample", "YLPDotNetCore.ConsoleAppHttpClientExample\YLPDotNetCore.ConsoleAppHttpClientExample.csproj", "{6B34B483-7049-450D-A8E4-71C8EDF1A5EB}"
EndProject
Project("{FAE04EC0-301F-11D3-BF4B-00C04F79EFBC}") = "YLPDotNetCore.ConsoleAppRestClientExamples", "YLPDotNetCore.ConsoleAppRestClientExamples\YLPDotNetCore.ConsoleAppRestClientExamples.csproj", "{7652F882-6EE0-4916-9628-EFC8AE4CD774}"
EndProject
Project("{FAE04EC0-301F-11D3-BF4B-00C04F79EFBC}") = "YLPDotNetCore.PizzaApi", "YLPDotNetCore.PizzaApi\YLPDotNetCore.PizzaApi.csproj", "{F91C009B-980D-46A3-8D42-3DB6331240F6}"
EndProject
Project("{FAE04EC0-301F-11D3-BF4B-00C04F79EFBC}") = "YLPDotNetCore.ConsoleAppRefitExamples", "YLPDotNetCore.ConsoleAppRefitExamples\YLPDotNetCore.ConsoleAppRefitExamples.csproj", "{F54D2FE8-B6AC-475B-B4ED-D18FAB42921E}"
EndProject
Project("{FAE04EC0-301F-11D3-BF4B-00C04F79EFBC}") = "YLPDotNetCore.WinFormsApp", "YLPDotNetCore.WinFormsApp\YLPDotNetCore.WinFormsApp.csproj", "{83BCF7E3-9506-43B5-98FD-7966C54CFD6A}"
EndProject
Project("{FAE04EC0-301F-11D3-BF4B-00C04F79EFBC}") = "YLPDotNetCore.WindowFormAppSqlInjection", "YLPDotNetCore.WindowFormAppSqlInjection\YLPDotNetCore.WindowFormAppSqlInjection.csproj", "{2E5FC503-F839-4B95-849E-E6D4D106A3AF}"
EndProject
Project("{FAE04EC0-301F-11D3-BF4B-00C04F79EFBC}") = "YLPDotNetCore.NLayer.UI", "YLPDotNetCore.NLayer.UI\YLPDotNetCore.NLayer.UI.csproj", "{86E193EA-22B4-4E36-8585-061FA69AC4EB}"
EndProject
Project("{FAE04EC0-301F-11D3-BF4B-00C04F79EFBC}") = "YLPDotNetCore.NLayer.BusinessLogic", "YLPDotNetCore.NLayer.BusinessLogic\YLPDotNetCore.NLayer.BusinessLogic.csproj", "{DFC4F2B1-4020-4F9B-A06E-5B0284ABF0DA}"
EndProject
Project("{FAE04EC0-301F-11D3-BF4B-00C04F79EFBC}") = "YLPDotNetCore.NLayer.DataAccess", "YLPDotNetCore.NLayer.DataAccess\YLPDotNetCore.NLayer.DataAccess.csproj", "{053A149C-FC7D-4C33-BA25-B35DF222572A}"
EndProject
Project("{FAE04EC0-301F-11D3-BF4B-00C04F79EFBC}") = "YLPDotNetCore.MinimalApi", "YLPDotNetCore.MinimalApi\YLPDotNetCore.MinimalApi.csproj", "{664153ED-F0A5-4042-8835-2EB9A301F963}"
EndProject
Project("{FAE04EC0-301F-11D3-BF4B-00C04F79EFBC}") = "YLPDotNetCore.MvcApp", "YLPDotNetCore.MvcApp\YLPDotNetCore.MvcApp.csproj", "{DD89EB1F-A896-428C-AE27-DFE8E6DA301F}"
EndProject
Project("{FAE04EC0-301F-11D3-BF4B-00C04F79EFBC}") = "YLPDotNetCore.MvcChart", "YLPDotNetCore.MvcChart\YLPDotNetCore.MvcChart.csproj", "{ED657C64-49A4-4B44-9273-5011E2BD626E}"
EndProject
Project("{FAE04EC0-301F-11D3-BF4B-00C04F79EFBC}") = "YLPDotNetCore.ConsoleAppLogging", "YLPDotNetCore.ConsoleAppLogging\YLPDotNetCore.ConsoleAppLogging.csproj", "{71CCBAE4-FB50-4412-9A0C-30BED0BF110E}"
EndProject
Project("{FAE04EC0-301F-11D3-BF4B-00C04F79EFBC}") = "YLPDotNetCore.RealtimeChatApp", "YLPDotNetCore.RealtimeChatApp\YLPDotNetCore.RealtimeChatApp.csproj", "{A64225E9-D9AD-4371-B207-681FB70470B1}"
EndProject
Project("{FAE04EC0-301F-11D3-BF4B-00C04F79EFBC}") = "YLPDotNetCore.RealtimeChartApp", "YLPDotNetCore.RealtimeChartApp\YLPDotNetCore.RealtimeChartApp.csproj", "{77E0827B-6B09-44AA-95C5-699BABF08E80}"
EndProject
Project("{FAE04EC0-301F-11D3-BF4B-00C04F79EFBC}") = "YLPDotNetCore.NewRealtimeChartApp", "YLPDotNetCore.NewRealtimeChartApp\YLPDotNetCore.NewRealtimeChartApp.csproj", "{7B6BE3E2-DB25-4D9F-958D-0C473F38B20D}"
EndProject
Project("{FAE04EC0-301F-11D3-BF4B-00C04F79EFBC}") = "YLPDotNetCore.ConsoleAppEFCore", "YLPDotNetCore.ConsoleAppEFCore\YLPDotNetCore.ConsoleAppEFCore.csproj", "{66FFADB5-CD10-489D-A229-BD03D8966A1F}"
EndProject
Project("{FAE04EC0-301F-11D3-BF4B-00C04F79EFBC}") = "YLPDotNetCore.ConsoleAppEFCore.Databases", "YLPDotNetCore.ConsoleAppEFCore.Databases\YLPDotNetCore.ConsoleAppEFCore.Databases.csproj", "{A3842898-C75E-4D4B-A50C-B3780BB30BC3}"
EndProject
Project("{FAE04EC0-301F-11D3-BF4B-00C04F79EFBC}") = "YLPDotNetCore.MvcDesignApp", "YLPDotNetCore.MvcDesignApp\YLPDotNetCore.MvcDesignApp.csproj", "{352FB7DE-42ED-4081-9AA0-3CD8F6D3A96E}"
EndProject
Global
	GlobalSection(SolutionConfigurationPlatforms) = preSolution
		Debug|Any CPU = Debug|Any CPU
		Release|Any CPU = Release|Any CPU
	EndGlobalSection
	GlobalSection(ProjectConfigurationPlatforms) = postSolution
		{3AA961AC-0F25-4C13-8BA9-D6D3A11C1395}.Debug|Any CPU.ActiveCfg = Debug|Any CPU
		{3AA961AC-0F25-4C13-8BA9-D6D3A11C1395}.Debug|Any CPU.Build.0 = Debug|Any CPU
		{3AA961AC-0F25-4C13-8BA9-D6D3A11C1395}.Release|Any CPU.ActiveCfg = Release|Any CPU
		{3AA961AC-0F25-4C13-8BA9-D6D3A11C1395}.Release|Any CPU.Build.0 = Release|Any CPU
		{BBB2A87B-B359-4CC1-BCD4-A62459438B91}.Debug|Any CPU.ActiveCfg = Debug|Any CPU
		{BBB2A87B-B359-4CC1-BCD4-A62459438B91}.Debug|Any CPU.Build.0 = Debug|Any CPU
		{BBB2A87B-B359-4CC1-BCD4-A62459438B91}.Release|Any CPU.ActiveCfg = Release|Any CPU
		{BBB2A87B-B359-4CC1-BCD4-A62459438B91}.Release|Any CPU.Build.0 = Release|Any CPU
		{EDFEDAAF-95E3-4F36-8F26-D3D6EFC69C0F}.Debug|Any CPU.ActiveCfg = Debug|Any CPU
		{EDFEDAAF-95E3-4F36-8F26-D3D6EFC69C0F}.Debug|Any CPU.Build.0 = Debug|Any CPU
		{EDFEDAAF-95E3-4F36-8F26-D3D6EFC69C0F}.Release|Any CPU.ActiveCfg = Release|Any CPU
		{EDFEDAAF-95E3-4F36-8F26-D3D6EFC69C0F}.Release|Any CPU.Build.0 = Release|Any CPU
		{7C4A9AA9-EC57-4693-8E23-9FC14773E66F}.Debug|Any CPU.ActiveCfg = Debug|Any CPU
		{7C4A9AA9-EC57-4693-8E23-9FC14773E66F}.Debug|Any CPU.Build.0 = Debug|Any CPU
		{7C4A9AA9-EC57-4693-8E23-9FC14773E66F}.Release|Any CPU.ActiveCfg = Release|Any CPU
		{7C4A9AA9-EC57-4693-8E23-9FC14773E66F}.Release|Any CPU.Build.0 = Release|Any CPU
		{722F7A4F-94D2-4308-BCD7-F08965091858}.Debug|Any CPU.ActiveCfg = Debug|Any CPU
		{722F7A4F-94D2-4308-BCD7-F08965091858}.Debug|Any CPU.Build.0 = Debug|Any CPU
		{722F7A4F-94D2-4308-BCD7-F08965091858}.Release|Any CPU.ActiveCfg = Release|Any CPU
		{722F7A4F-94D2-4308-BCD7-F08965091858}.Release|Any CPU.Build.0 = Release|Any CPU
		{6B34B483-7049-450D-A8E4-71C8EDF1A5EB}.Debug|Any CPU.ActiveCfg = Debug|Any CPU
		{6B34B483-7049-450D-A8E4-71C8EDF1A5EB}.Debug|Any CPU.Build.0 = Debug|Any CPU
		{6B34B483-7049-450D-A8E4-71C8EDF1A5EB}.Release|Any CPU.ActiveCfg = Release|Any CPU
		{6B34B483-7049-450D-A8E4-71C8EDF1A5EB}.Release|Any CPU.Build.0 = Release|Any CPU
		{7652F882-6EE0-4916-9628-EFC8AE4CD774}.Debug|Any CPU.ActiveCfg = Debug|Any CPU
		{7652F882-6EE0-4916-9628-EFC8AE4CD774}.Debug|Any CPU.Build.0 = Debug|Any CPU
		{7652F882-6EE0-4916-9628-EFC8AE4CD774}.Release|Any CPU.ActiveCfg = Release|Any CPU
		{7652F882-6EE0-4916-9628-EFC8AE4CD774}.Release|Any CPU.Build.0 = Release|Any CPU
		{F91C009B-980D-46A3-8D42-3DB6331240F6}.Debug|Any CPU.ActiveCfg = Debug|Any CPU
		{F91C009B-980D-46A3-8D42-3DB6331240F6}.Debug|Any CPU.Build.0 = Debug|Any CPU
		{F91C009B-980D-46A3-8D42-3DB6331240F6}.Release|Any CPU.ActiveCfg = Release|Any CPU
		{F91C009B-980D-46A3-8D42-3DB6331240F6}.Release|Any CPU.Build.0 = Release|Any CPU
		{F54D2FE8-B6AC-475B-B4ED-D18FAB42921E}.Debug|Any CPU.ActiveCfg = Debug|Any CPU
		{F54D2FE8-B6AC-475B-B4ED-D18FAB42921E}.Debug|Any CPU.Build.0 = Debug|Any CPU
		{F54D2FE8-B6AC-475B-B4ED-D18FAB42921E}.Release|Any CPU.ActiveCfg = Release|Any CPU
		{F54D2FE8-B6AC-475B-B4ED-D18FAB42921E}.Release|Any CPU.Build.0 = Release|Any CPU
		{83BCF7E3-9506-43B5-98FD-7966C54CFD6A}.Debug|Any CPU.ActiveCfg = Debug|Any CPU
		{83BCF7E3-9506-43B5-98FD-7966C54CFD6A}.Debug|Any CPU.Build.0 = Debug|Any CPU
		{83BCF7E3-9506-43B5-98FD-7966C54CFD6A}.Release|Any CPU.ActiveCfg = Release|Any CPU
		{83BCF7E3-9506-43B5-98FD-7966C54CFD6A}.Release|Any CPU.Build.0 = Release|Any CPU
		{2E5FC503-F839-4B95-849E-E6D4D106A3AF}.Debug|Any CPU.ActiveCfg = Debug|Any CPU
		{2E5FC503-F839-4B95-849E-E6D4D106A3AF}.Debug|Any CPU.Build.0 = Debug|Any CPU
		{2E5FC503-F839-4B95-849E-E6D4D106A3AF}.Release|Any CPU.ActiveCfg = Release|Any CPU
		{2E5FC503-F839-4B95-849E-E6D4D106A3AF}.Release|Any CPU.Build.0 = Release|Any CPU
		{86E193EA-22B4-4E36-8585-061FA69AC4EB}.Debug|Any CPU.ActiveCfg = Debug|Any CPU
		{86E193EA-22B4-4E36-8585-061FA69AC4EB}.Debug|Any CPU.Build.0 = Debug|Any CPU
		{86E193EA-22B4-4E36-8585-061FA69AC4EB}.Release|Any CPU.ActiveCfg = Release|Any CPU
		{86E193EA-22B4-4E36-8585-061FA69AC4EB}.Release|Any CPU.Build.0 = Release|Any CPU
		{DFC4F2B1-4020-4F9B-A06E-5B0284ABF0DA}.Debug|Any CPU.ActiveCfg = Debug|Any CPU
		{DFC4F2B1-4020-4F9B-A06E-5B0284ABF0DA}.Debug|Any CPU.Build.0 = Debug|Any CPU
		{DFC4F2B1-4020-4F9B-A06E-5B0284ABF0DA}.Release|Any CPU.ActiveCfg = Release|Any CPU
		{DFC4F2B1-4020-4F9B-A06E-5B0284ABF0DA}.Release|Any CPU.Build.0 = Release|Any CPU
		{053A149C-FC7D-4C33-BA25-B35DF222572A}.Debug|Any CPU.ActiveCfg = Debug|Any CPU
		{053A149C-FC7D-4C33-BA25-B35DF222572A}.Debug|Any CPU.Build.0 = Debug|Any CPU
		{053A149C-FC7D-4C33-BA25-B35DF222572A}.Release|Any CPU.ActiveCfg = Release|Any CPU
		{053A149C-FC7D-4C33-BA25-B35DF222572A}.Release|Any CPU.Build.0 = Release|Any CPU
		{664153ED-F0A5-4042-8835-2EB9A301F963}.Debug|Any CPU.ActiveCfg = Debug|Any CPU
		{664153ED-F0A5-4042-8835-2EB9A301F963}.Debug|Any CPU.Build.0 = Debug|Any CPU
		{664153ED-F0A5-4042-8835-2EB9A301F963}.Release|Any CPU.ActiveCfg = Release|Any CPU
		{664153ED-F0A5-4042-8835-2EB9A301F963}.Release|Any CPU.Build.0 = Release|Any CPU
		{DD89EB1F-A896-428C-AE27-DFE8E6DA301F}.Debug|Any CPU.ActiveCfg = Debug|Any CPU
		{DD89EB1F-A896-428C-AE27-DFE8E6DA301F}.Debug|Any CPU.Build.0 = Debug|Any CPU
		{DD89EB1F-A896-428C-AE27-DFE8E6DA301F}.Release|Any CPU.ActiveCfg = Release|Any CPU
		{DD89EB1F-A896-428C-AE27-DFE8E6DA301F}.Release|Any CPU.Build.0 = Release|Any CPU
		{ED657C64-49A4-4B44-9273-5011E2BD626E}.Debug|Any CPU.ActiveCfg = Debug|Any CPU
		{ED657C64-49A4-4B44-9273-5011E2BD626E}.Debug|Any CPU.Build.0 = Debug|Any CPU
		{ED657C64-49A4-4B44-9273-5011E2BD626E}.Release|Any CPU.ActiveCfg = Release|Any CPU
		{ED657C64-49A4-4B44-9273-5011E2BD626E}.Release|Any CPU.Build.0 = Release|Any CPU
		{71CCBAE4-FB50-4412-9A0C-30BED0BF110E}.Debug|Any CPU.ActiveCfg = Debug|Any CPU
		{71CCBAE4-FB50-4412-9A0C-30BED0BF110E}.Debug|Any CPU.Build.0 = Debug|Any CPU
		{71CCBAE4-FB50-4412-9A0C-30BED0BF110E}.Release|Any CPU.ActiveCfg = Release|Any CPU
		{71CCBAE4-FB50-4412-9A0C-30BED0BF110E}.Release|Any CPU.Build.0 = Release|Any CPU
		{A64225E9-D9AD-4371-B207-681FB70470B1}.Debug|Any CPU.ActiveCfg = Debug|Any CPU
		{A64225E9-D9AD-4371-B207-681FB70470B1}.Debug|Any CPU.Build.0 = Debug|Any CPU
		{A64225E9-D9AD-4371-B207-681FB70470B1}.Release|Any CPU.ActiveCfg = Release|Any CPU
		{A64225E9-D9AD-4371-B207-681FB70470B1}.Release|Any CPU.Build.0 = Release|Any CPU
		{77E0827B-6B09-44AA-95C5-699BABF08E80}.Debug|Any CPU.ActiveCfg = Debug|Any CPU
		{77E0827B-6B09-44AA-95C5-699BABF08E80}.Debug|Any CPU.Build.0 = Debug|Any CPU
		{77E0827B-6B09-44AA-95C5-699BABF08E80}.Release|Any CPU.ActiveCfg = Release|Any CPU
		{77E0827B-6B09-44AA-95C5-699BABF08E80}.Release|Any CPU.Build.0 = Release|Any CPU
		{7B6BE3E2-DB25-4D9F-958D-0C473F38B20D}.Debug|Any CPU.ActiveCfg = Debug|Any CPU
		{7B6BE3E2-DB25-4D9F-958D-0C473F38B20D}.Debug|Any CPU.Build.0 = Debug|Any CPU
		{7B6BE3E2-DB25-4D9F-958D-0C473F38B20D}.Release|Any CPU.ActiveCfg = Release|Any CPU
		{7B6BE3E2-DB25-4D9F-958D-0C473F38B20D}.Release|Any CPU.Build.0 = Release|Any CPU
		{66FFADB5-CD10-489D-A229-BD03D8966A1F}.Debug|Any CPU.ActiveCfg = Debug|Any CPU
		{66FFADB5-CD10-489D-A229-BD03D8966A1F}.Debug|Any CPU.Build.0 = Debug|Any CPU
		{66FFADB5-CD10-489D-A229-BD03D8966A1F}.Release|Any CPU.ActiveCfg = Release|Any CPU
		{66FFADB5-CD10-489D-A229-BD03D8966A1F}.Release|Any CPU.Build.0 = Release|Any CPU
		{A3842898-C75E-4D4B-A50C-B3780BB30BC3}.Debug|Any CPU.ActiveCfg = Debug|Any CPU
		{A3842898-C75E-4D4B-A50C-B3780BB30BC3}.Debug|Any CPU.Build.0 = Debug|Any CPU
		{A3842898-C75E-4D4B-A50C-B3780BB30BC3}.Release|Any CPU.ActiveCfg = Release|Any CPU
		{A3842898-C75E-4D4B-A50C-B3780BB30BC3}.Release|Any CPU.Build.0 = Release|Any CPU
		{352FB7DE-42ED-4081-9AA0-3CD8F6D3A96E}.Debug|Any CPU.ActiveCfg = Debug|Any CPU
		{352FB7DE-42ED-4081-9AA0-3CD8F6D3A96E}.Debug|Any CPU.Build.0 = Debug|Any CPU
		{352FB7DE-42ED-4081-9AA0-3CD8F6D3A96E}.Release|Any CPU.ActiveCfg = Release|Any CPU
		{352FB7DE-42ED-4081-9AA0-3CD8F6D3A96E}.Release|Any CPU.Build.0 = Release|Any CPU
	EndGlobalSection
	GlobalSection(SolutionProperties) = preSolution
		HideSolutionNode = FALSE
	EndGlobalSection
	GlobalSection(ExtensibilityGlobals) = postSolution
		SolutionGuid = {E24C519F-EB13-48ED-9EF4-2B4012E4E0F8}
	EndGlobalSection
EndGlobal
